{
  "name": "ag-grid-webcomponent",
  "version": "1.0.0",
  "lockfileVersion": 1,
  "requires": true,
  "dependencies": {
    "ag-grid-community": {
      "version": "26.2.1",
      "resolved": "https://registry.npmjs.org/ag-grid-community/-/ag-grid-community-26.2.1.tgz",
      "integrity": "sha512-aChSGNdPkBda4BhOUUEAmAkRlIG7rFU8UTXx3NPStavrCOHKLDRV90djIKuiXfM6ONBqKmeqw2as0yuLnSN8dw=="
    },
    "ag-grid-enterprise": {
      "version": "26.2.1",
      "resolved": "https://registry.npmjs.org/ag-grid-enterprise/-/ag-grid-enterprise-26.2.1.tgz",
      "integrity": "sha512-DSf+PPRHv9JXhWTg7KSEm9+ixYAEPuo3LKBUzowUCQWvygGiWBrZXEB67MnjW+Z9zULeFhU4Z6OuHbnQUDhCag=="
    }
  }
}
